lockfileVersion: '9.0'

settings:
  autoInstallPeers: true
  excludeLinksFromLockfile: false

importers:

  .:
    devDependencies:
      '@types/node':
        specifier: ^25.0.10
        version: 25.0.10
      typescript:
        specifier: ^5.3.0
        version: 5.9.3

  packages/core:
    dependencies:
      '@objectstack/spec':
        specifier: ^0.3.3
        version: 0.3.3
    devDependencies:
      '@types/node':
        specifier: ^25.0.10
        version: 25.0.10
      typescript:
        specifier: ^5.3.0
        version: 5.9.3

  packages/examples:
    dependencies:
      '@objectstack-starter/core':
        specifier: workspace:*
        version: link:../core
      '@objectstack/spec':
        specifier: ^0.3.3
        version: 0.3.3
    devDependencies:
      '@types/node':
        specifier: ^25.0.10
        version: 25.0.10
      typescript:
        specifier: ^5.3.0
        version: 5.9.3

packages:

  '@objectstack/spec@0.3.3':
    resolution: {integrity: sha512-GGSrRLECgYY1epLocdCkCsicerFKAKlRpluGmCqK1iVNgTgiC04zniLogYQXu5kf6UIB6mHQNBHcbr1x5DOmVQ==}
    engines: {node: '>=18.0.0'}

  '@types/node@25.0.10':
    resolution: {integrity: sha512-zWW5KPngR/yvakJgGOmZ5vTBemDoSqF3AcV/LrO5u5wTWyEAVVh+IT39G4gtyAkh3CtTZs8aX/yRM82OfzHJRg==}

  typescript@5.9.3:
    resolution: {integrity: sha512-jl1vZzPDinLr9eUt3J/t7V6FgNEw9QjvBPdysz9KfQDD41fQrC2Y4vKQdiaUpFT4bXlb1RHhLpp8wtm6M5TgSw==}
    engines: {node: '>=14.17'}
    hasBin: true

  undici-types@7.16.0:
    resolution: {integrity: sha512-Zz+aZWSj8LE6zoxD+xrjh4VfkIG8Ya6LvYkZqtUQGJPZjYl53ypCaUwWqo7eI0x66KBGeRo+mlBEkMSeSZ38Nw==}

  zod@3.25.76:
    resolution: {integrity: sha512-gzUt/qt81nXsFGKIFcC3YnfEAx5NkunCfnDlvuBSSFS02bcXu4Lmea0AFIUwbLWxWPx3d9p8S5QoaujKcNQxcQ==}

snapshots:

  '@objectstack/spec@0.3.3':
    dependencies:
      zod: 3.25.76

  '@types/node@25.0.10':
    dependencies:
      undici-types: 7.16.0

  typescript@5.9.3: {}

  undici-types@7.16.0: {}

  zod@3.25.76: {}
